{
  "name": "paperMC_backend",
  "lockfileVersion": 3,
  "requires": true,
  "packages": {
    "": {
      "dependencies": {
        "anser": "^2.3.3"
      }
    },
    "node_modules/anser": {
      "version": "2.3.3",
      "resolved": "https://registry.npmjs.org/anser/-/anser-2.3.3.tgz",
      "integrity": "sha512-QGY1oxYE7/kkeNmbtY/2ZjQ07BCG3zYdz+k/+sf69kMzEIxb93guHkPnIXITQ+BYi61oQwG74twMOX1tD4aesg==",
      "license": "MIT"
    }
  }
}
